
Microsoft Visual Studio Solution File, Format Version 12.00
# Visual Studio Version 17
VisualStudioVersion = 17.6.33815.320
MinimumVisualStudioVersion = 10.0.40219.1
Project("{2150E333-8FDC-42A3-9474-1A3956D46DE8}") = "Solution Items", "Solution Items", "{C846551C-7228-4F0E-A79A-F028ADACEE7F}"
	ProjectSection(SolutionItems) = preProject
		.editorconfig = .editorconfig
		.gitattributes = .gitattributes
		.gitignore = .gitignore
		Directory.Build.props = Directory.Build.props
		LICENSE.txt = LICENSE.txt
		README.md = README.md
	EndProjectSection
EndProject
Project("{2150E333-8FDC-42A3-9474-1A3956D46DE8}") = "src", "src", "{18242CF7-0598-449E-AF0B-BED4782F3AEB}"
EndProject
Project("{2150E333-8FDC-42A3-9474-1A3956D46DE8}") = "Services", "Services", "{AFC98864-5640-46A7-AE82-4DAB3295B106}"
EndProject
Project("{9A19103F-16F7-4668-BE54-9A1E7A4F7556}") = "HR.API", "src\Services\HR.API\HR.API.csproj", "{2030E611-D722-403C-BAB6-36A60317D408}"
EndProject
Project("{9A19103F-16F7-4668-BE54-9A1E7A4F7556}") = "HR.Domain", "src\Services\HR.Domain\HR.Domain.csproj", "{76BAB36F-56C4-4C80-8490-1807247647CD}"
EndProject
Project("{9A19103F-16F7-4668-BE54-9A1E7A4F7556}") = "HR.Persistence", "src\Services\HR.Persistence\HR.Persistence.csproj", "{CEACA671-009D-42C9-96B5-E657EDAA9E9A}"
EndProject
Project("{9A19103F-16F7-4668-BE54-9A1E7A4F7556}") = "HR.Application", "src\Services\HR.Application\HR.Application.csproj", "{3163CB40-2AC5-4A6E-9172-F7597B01AE81}"
EndProject
Project("{2150E333-8FDC-42A3-9474-1A3956D46DE8}") = "Shared", "Shared", "{372CD7C2-6F69-4BD9-AF7D-FF6D950367EC}"
EndProject
Project("{9A19103F-16F7-4668-BE54-9A1E7A4F7556}") = "HR.Contracts", "src\Shared\HR.Contracts\HR.Contracts.csproj", "{5C54F5E1-85E3-49B7-9CED-0D97B8B9E4F6}"
EndProject
Project("{9A19103F-16F7-4668-BE54-9A1E7A4F7556}") = "HR.SDK", "src\SDKs\HR.SDK\HR.SDK.csproj", "{CCEEEEAF-993D-454B-AE17-09744C7B512A}"
EndProject
Project("{2150E333-8FDC-42A3-9474-1A3956D46DE8}") = "SDKs", "SDKs", "{1113A73C-EB7E-4A76-8D6F-401AB1FDEAB2}"
EndProject
Project("{2150E333-8FDC-42A3-9474-1A3956D46DE8}") = "Apps", "Apps", "{9F7E610D-2EFF-405E-AEDE-C6BFAE03BF76}"
EndProject
Project("{9A19103F-16F7-4668-BE54-9A1E7A4F7556}") = "HR.Blazor.WebAssembly", "src\Apps\HR.Blazor.WebAssembly\HR.Blazor.WebAssembly.csproj", "{AA53FE27-2212-45C8-BD42-56B965CA5F2A}"
EndProject
Project("{9A19103F-16F7-4668-BE54-9A1E7A4F7556}") = "HR.Razor.Components", "src\Shared\HR.Razor.Components\HR.Razor.Components.csproj", "{6861F665-F5E7-4BB6-B8FE-CAC52BD821FC}"
EndProject
Project("{E53339B2-1760-4266-BCC7-CA923CBCF16C}") = "docker-compose", "docker-compose.dcproj", "{60BA0398-FA2B-4C6C-B37E-36899597E1C7}"
EndProject
Project("{9A19103F-16F7-4668-BE54-9A1E7A4F7556}") = "HR.Blazor", "src\Apps\HR.Blazor\HR.Blazor.csproj", "{88FDBE0B-209E-49AA-9784-5EAC4AEEBC5A}"
EndProject
Global
	GlobalSection(SolutionConfigurationPlatforms) = preSolution
		Debug|Any CPU = Debug|Any CPU
		Release|Any CPU = Release|Any CPU
	EndGlobalSection
	GlobalSection(ProjectConfigurationPlatforms) = postSolution
		{2030E611-D722-403C-BAB6-36A60317D408}.Debug|Any CPU.ActiveCfg = Debug|Any CPU
		{2030E611-D722-403C-BAB6-36A60317D408}.Debug|Any CPU.Build.0 = Debug|Any CPU
		{2030E611-D722-403C-BAB6-36A60317D408}.Release|Any CPU.ActiveCfg = Release|Any CPU
		{2030E611-D722-403C-BAB6-36A60317D408}.Release|Any CPU.Build.0 = Release|Any CPU
		{76BAB36F-56C4-4C80-8490-1807247647CD}.Debug|Any CPU.ActiveCfg = Debug|Any CPU
		{76BAB36F-56C4-4C80-8490-1807247647CD}.Debug|Any CPU.Build.0 = Debug|Any CPU
		{76BAB36F-56C4-4C80-8490-1807247647CD}.Release|Any CPU.ActiveCfg = Release|Any CPU
		{76BAB36F-56C4-4C80-8490-1807247647CD}.Release|Any CPU.Build.0 = Release|Any CPU
		{CEACA671-009D-42C9-96B5-E657EDAA9E9A}.Debug|Any CPU.ActiveCfg = Debug|Any CPU
		{CEACA671-009D-42C9-96B5-E657EDAA9E9A}.Debug|Any CPU.Build.0 = Debug|Any CPU
		{CEACA671-009D-42C9-96B5-E657EDAA9E9A}.Release|Any CPU.ActiveCfg = Release|Any CPU
		{CEACA671-009D-42C9-96B5-E657EDAA9E9A}.Release|Any CPU.Build.0 = Release|Any CPU
		{3163CB40-2AC5-4A6E-9172-F7597B01AE81}.Debug|Any CPU.ActiveCfg = Debug|Any CPU
		{3163CB40-2AC5-4A6E-9172-F7597B01AE81}.Debug|Any CPU.Build.0 = Debug|Any CPU
		{3163CB40-2AC5-4A6E-9172-F7597B01AE81}.Release|Any CPU.ActiveCfg = Release|Any CPU
		{3163CB40-2AC5-4A6E-9172-F7597B01AE81}.Release|Any CPU.Build.0 = Release|Any CPU
		{5C54F5E1-85E3-49B7-9CED-0D97B8B9E4F6}.Debug|Any CPU.ActiveCfg = Debug|Any CPU
		{5C54F5E1-85E3-49B7-9CED-0D97B8B9E4F6}.Debug|Any CPU.Build.0 = Debug|Any CPU
		{5C54F5E1-85E3-49B7-9CED-0D97B8B9E4F6}.Release|Any CPU.ActiveCfg = Release|Any CPU
		{5C54F5E1-85E3-49B7-9CED-0D97B8B9E4F6}.Release|Any CPU.Build.0 = Release|Any CPU
		{CCEEEEAF-993D-454B-AE17-09744C7B512A}.Debug|Any CPU.ActiveCfg = Debug|Any CPU
		{CCEEEEAF-993D-454B-AE17-09744C7B512A}.Debug|Any CPU.Build.0 = Debug|Any CPU
		{CCEEEEAF-993D-454B-AE17-09744C7B512A}.Release|Any CPU.ActiveCfg = Release|Any CPU
		{CCEEEEAF-993D-454B-AE17-09744C7B512A}.Release|Any CPU.Build.0 = Release|Any CPU
		{AA53FE27-2212-45C8-BD42-56B965CA5F2A}.Debug|Any CPU.ActiveCfg = Debug|Any CPU
		{AA53FE27-2212-45C8-BD42-56B965CA5F2A}.Debug|Any CPU.Build.0 = Debug|Any CPU
		{AA53FE27-2212-45C8-BD42-56B965CA5F2A}.Release|Any CPU.ActiveCfg = Release|Any CPU
		{AA53FE27-2212-45C8-BD42-56B965CA5F2A}.Release|Any CPU.Build.0 = Release|Any CPU
		{6861F665-F5E7-4BB6-B8FE-CAC52BD821FC}.Debug|Any CPU.ActiveCfg = Debug|Any CPU
		{6861F665-F5E7-4BB6-B8FE-CAC52BD821FC}.Debug|Any CPU.Build.0 = Debug|Any CPU
		{6861F665-F5E7-4BB6-B8FE-CAC52BD821FC}.Release|Any CPU.ActiveCfg = Release|Any CPU
		{6861F665-F5E7-4BB6-B8FE-CAC52BD821FC}.Release|Any CPU.Build.0 = Release|Any CPU
		{60BA0398-FA2B-4C6C-B37E-36899597E1C7}.Debug|Any CPU.ActiveCfg = Debug|Any CPU
		{60BA0398-FA2B-4C6C-B37E-36899597E1C7}.Debug|Any CPU.Build.0 = Debug|Any CPU
		{60BA0398-FA2B-4C6C-B37E-36899597E1C7}.Release|Any CPU.ActiveCfg = Release|Any CPU
		{60BA0398-FA2B-4C6C-B37E-36899597E1C7}.Release|Any CPU.Build.0 = Release|Any CPU
		{88FDBE0B-209E-49AA-9784-5EAC4AEEBC5A}.Debug|Any CPU.ActiveCfg = Debug|Any CPU
		{88FDBE0B-209E-49AA-9784-5EAC4AEEBC5A}.Debug|Any CPU.Build.0 = Debug|Any CPU
		{88FDBE0B-209E-49AA-9784-5EAC4AEEBC5A}.Release|Any CPU.ActiveCfg = Release|Any CPU
		{88FDBE0B-209E-49AA-9784-5EAC4AEEBC5A}.Release|Any CPU.Build.0 = Release|Any CPU
	EndGlobalSection
	GlobalSection(SolutionProperties) = preSolution
		HideSolutionNode = FALSE
	EndGlobalSection
	GlobalSection(NestedProjects) = preSolution
		{AFC98864-5640-46A7-AE82-4DAB3295B106} = {18242CF7-0598-449E-AF0B-BED4782F3AEB}
		{2030E611-D722-403C-BAB6-36A60317D408} = {AFC98864-5640-46A7-AE82-4DAB3295B106}
		{76BAB36F-56C4-4C80-8490-1807247647CD} = {AFC98864-5640-46A7-AE82-4DAB3295B106}
		{CEACA671-009D-42C9-96B5-E657EDAA9E9A} = {AFC98864-5640-46A7-AE82-4DAB3295B106}
		{3163CB40-2AC5-4A6E-9172-F7597B01AE81} = {AFC98864-5640-46A7-AE82-4DAB3295B106}
		{372CD7C2-6F69-4BD9-AF7D-FF6D950367EC} = {18242CF7-0598-449E-AF0B-BED4782F3AEB}
		{5C54F5E1-85E3-49B7-9CED-0D97B8B9E4F6} = {372CD7C2-6F69-4BD9-AF7D-FF6D950367EC}
		{CCEEEEAF-993D-454B-AE17-09744C7B512A} = {1113A73C-EB7E-4A76-8D6F-401AB1FDEAB2}
		{1113A73C-EB7E-4A76-8D6F-401AB1FDEAB2} = {18242CF7-0598-449E-AF0B-BED4782F3AEB}
		{9F7E610D-2EFF-405E-AEDE-C6BFAE03BF76} = {18242CF7-0598-449E-AF0B-BED4782F3AEB}
		{AA53FE27-2212-45C8-BD42-56B965CA5F2A} = {9F7E610D-2EFF-405E-AEDE-C6BFAE03BF76}
		{6861F665-F5E7-4BB6-B8FE-CAC52BD821FC} = {372CD7C2-6F69-4BD9-AF7D-FF6D950367EC}
		{88FDBE0B-209E-49AA-9784-5EAC4AEEBC5A} = {9F7E610D-2EFF-405E-AEDE-C6BFAE03BF76}
	EndGlobalSection
	GlobalSection(ExtensibilityGlobals) = postSolution
		SolutionGuid = {7DD3FDBA-7222-4B5A-B40A-F5BE0ED7E417}
	EndGlobalSection
EndGlobal
